
Microsoft Visual Studio Solution File, Format Version 12.00
# Visual Studio 15
VisualStudioVersion = 15.0.27428.2015
MinimumVisualStudioVersion = 10.0.40219.1
Project("{9A19103F-16F7-4668-BE54-9A1E7A4F7556}") = "Application.Core", "Application.Core\Application.Core.csproj", "{41EE9FB7-3FBF-445C-A07B-C564BCE82ABE}"
EndProject
Project("{9A19103F-16F7-4668-BE54-9A1E7A4F7556}") = "Controls.Core", "Controls.Core\Controls.Core.csproj", "{3019D7CF-BD97-499F-9C18-864DF036C14C}"
EndProject
Project("{9A19103F-16F7-4668-BE54-9A1E7A4F7556}") = "DataAccess.Core", "DataAccess.Core\DataAccess.Core.csproj", "{26A8835E-E5B2-4753-827F-D31F4507E02E}"
EndProject
Project("{9A19103F-16F7-4668-BE54-9A1E7A4F7556}") = "LocaleResources.Core", "LocaleResources.Core\LocaleResources.Core.csproj", "{22272A2D-C28C-408E-86DD-ED218922D1F7}"
EndProject
Project("{9A19103F-16F7-4668-BE54-9A1E7A4F7556}") = "SharedLibrary.Core", "SharedLibrary.Core\SharedLibrary.Core.csproj", "{46A93CEF-D8BA-44D8-A13C-3DACBA7C745E}"
EndProject
Global
	GlobalSection(SolutionConfigurationPlatforms) = preSolution
		Debug|Any CPU = Debug|Any CPU
		Release|Any CPU = Release|Any CPU
	EndGlobalSection
	GlobalSection(ProjectConfigurationPlatforms) = postSolution
		{41EE9FB7-3FBF-445C-A07B-C564BCE82ABE}.Debug|Any CPU.ActiveCfg = Debug|Any CPU
		{41EE9FB7-3FBF-445C-A07B-C564BCE82ABE}.Debug|Any CPU.Build.0 = Debug|Any CPU
		{41EE9FB7-3FBF-445C-A07B-C564BCE82ABE}.Release|Any CPU.ActiveCfg = Release|Any CPU
		{41EE9FB7-3FBF-445C-A07B-C564BCE82ABE}.Release|Any CPU.Build.0 = Release|Any CPU
		{3019D7CF-BD97-499F-9C18-864DF036C14C}.Debug|Any CPU.ActiveCfg = Debug|Any CPU
		{3019D7CF-BD97-499F-9C18-864DF036C14C}.Debug|Any CPU.Build.0 = Debug|Any CPU
		{3019D7CF-BD97-499F-9C18-864DF036C14C}.Release|Any CPU.ActiveCfg = Release|Any CPU
		{3019D7CF-BD97-499F-9C18-864DF036C14C}.Release|Any CPU.Build.0 = Release|Any CPU
		{26A8835E-E5B2-4753-827F-D31F4507E02E}.Debug|Any CPU.ActiveCfg = Debug|Any CPU
		{26A8835E-E5B2-4753-827F-D31F4507E02E}.Debug|Any CPU.Build.0 = Debug|Any CPU
		{26A8835E-E5B2-4753-827F-D31F4507E02E}.Release|Any CPU.ActiveCfg = Release|Any CPU
		{26A8835E-E5B2-4753-827F-D31F4507E02E}.Release|Any CPU.Build.0 = Release|Any CPU
		{22272A2D-C28C-408E-86DD-ED218922D1F7}.Debug|Any CPU.ActiveCfg = Debug|Any CPU
		{22272A2D-C28C-408E-86DD-ED218922D1F7}.Debug|Any CPU.Build.0 = Debug|Any CPU
		{22272A2D-C28C-408E-86DD-ED218922D1F7}.Release|Any CPU.ActiveCfg = Release|Any CPU
		{22272A2D-C28C-408E-86DD-ED218922D1F7}.Release|Any CPU.Build.0 = Release|Any CPU
		{46A93CEF-D8BA-44D8-A13C-3DACBA7C745E}.Debug|Any CPU.ActiveCfg = Debug|Any CPU
		{46A93CEF-D8BA-44D8-A13C-3DACBA7C745E}.Debug|Any CPU.Build.0 = Debug|Any CPU
		{46A93CEF-D8BA-44D8-A13C-3DACBA7C745E}.Release|Any CPU.ActiveCfg = Release|Any CPU
		{46A93CEF-D8BA-44D8-A13C-3DACBA7C745E}.Release|Any CPU.Build.0 = Release|Any CPU
	EndGlobalSection
	GlobalSection(SolutionProperties) = preSolution
		HideSolutionNode = FALSE
	EndGlobalSection
	GlobalSection(ExtensibilityGlobals) = postSolution
		SolutionGuid = {4A035D0F-0593-4091-B5F8-894F43374AA4}
	EndGlobalSection
EndGlobal
